
Microsoft Visual Studio Solution File, Format Version 12.00
Project("{FAE04EC0-301F-11D3-BF4B-00C04F79EFBC}") = "StudyAssignmentManager.API", "StudyAssignmentManager.API\StudyAssignmentManager.API.csproj", "{A95F4663-3FB8-460A-9F52-B10E7D732C3B}"
EndProject
Project("{FAE04EC0-301F-11D3-BF4B-00C04F79EFBC}") = "StudyAssignmentManager.Infrastructure", "StudyAssignmentManager.Infrastructure\StudyAssignmentManager.Infrastructure.csproj", "{11B6B7B2-FAA0-4216-A17E-56E286198A1C}"
EndProject
Project("{FAE04EC0-301F-11D3-BF4B-00C04F79EFBC}") = "StudyAssignmentManager.Domain", "StudyAssignmentManager.Domain\StudyAssignmentManager.Domain.csproj", "{0291AAE4-42E6-4FB2-8931-62B1EAADC8BD}"
EndProject
Global
	GlobalSection(SolutionConfigurationPlatforms) = preSolution
		Debug|Any CPU = Debug|Any CPU
		Release|Any CPU = Release|Any CPU
	EndGlobalSection
	GlobalSection(ProjectConfigurationPlatforms) = postSolution
		{A95F4663-3FB8-460A-9F52-B10E7D732C3B}.Debug|Any CPU.ActiveCfg = Debug|Any CPU
		{A95F4663-3FB8-460A-9F52-B10E7D732C3B}.Debug|Any CPU.Build.0 = Debug|Any CPU
		{A95F4663-3FB8-460A-9F52-B10E7D732C3B}.Release|Any CPU.ActiveCfg = Release|Any CPU
		{A95F4663-3FB8-460A-9F52-B10E7D732C3B}.Release|Any CPU.Build.0 = Release|Any CPU
		{11B6B7B2-FAA0-4216-A17E-56E286198A1C}.Debug|Any CPU.ActiveCfg = Debug|Any CPU
		{11B6B7B2-FAA0-4216-A17E-56E286198A1C}.Debug|Any CPU.Build.0 = Debug|Any CPU
		{11B6B7B2-FAA0-4216-A17E-56E286198A1C}.Release|Any CPU.ActiveCfg = Release|Any CPU
		{11B6B7B2-FAA0-4216-A17E-56E286198A1C}.Release|Any CPU.Build.0 = Release|Any CPU
		{0291AAE4-42E6-4FB2-8931-62B1EAADC8BD}.Debug|Any CPU.ActiveCfg = Debug|Any CPU
		{0291AAE4-42E6-4FB2-8931-62B1EAADC8BD}.Debug|Any CPU.Build.0 = Debug|Any CPU
		{0291AAE4-42E6-4FB2-8931-62B1EAADC8BD}.Release|Any CPU.ActiveCfg = Release|Any CPU
		{0291AAE4-42E6-4FB2-8931-62B1EAADC8BD}.Release|Any CPU.Build.0 = Release|Any CPU
	EndGlobalSection
EndGlobal
